
Microsoft Visual Studio Solution File, Format Version 12.00
# Visual Studio 15
VisualStudioVersion = 15.0.28307.438
MinimumVisualStudioVersion = 10.0.40219.1
Project("{FAE04EC0-301F-11D3-BF4B-00C04F79EFBC}") = "Problem 1. Database", "Problem 1. Database\Problem 1. Database.csproj", "{BB00FBFA-A466-47F5-9B62-F03BADCF9117}"
EndProject
Project("{FAE04EC0-301F-11D3-BF4B-00C04F79EFBC}") = "Problem.Tests", "Problem1.Tests\Problem.Tests.csproj", "{2E65B4D2-8041-47E9-B288-34AE5838B93C}"
EndProject
Project("{FAE04EC0-301F-11D3-BF4B-00C04F79EFBC}") = "Problem 2 Extended Database", "Problem 2 Extended Database\Problem 2 Extended Database.csproj", "{BB28AC10-F00B-40C6-AE02-682B38508725}"
EndProject
Global
	GlobalSection(SolutionConfigurationPlatforms) = preSolution
		Debug|Any CPU = Debug|Any CPU
		Release|Any CPU = Release|Any CPU
	EndGlobalSection
	GlobalSection(ProjectConfigurationPlatforms) = postSolution
		{BB00FBFA-A466-47F5-9B62-F03BADCF9117}.Debug|Any CPU.ActiveCfg = Debug|Any CPU
		{BB00FBFA-A466-47F5-9B62-F03BADCF9117}.Debug|Any CPU.Build.0 = Debug|Any CPU
		{BB00FBFA-A466-47F5-9B62-F03BADCF9117}.Release|Any CPU.ActiveCfg = Release|Any CPU
		{BB00FBFA-A466-47F5-9B62-F03BADCF9117}.Release|Any CPU.Build.0 = Release|Any CPU
		{2E65B4D2-8041-47E9-B288-34AE5838B93C}.Debug|Any CPU.ActiveCfg = Debug|Any CPU
		{2E65B4D2-8041-47E9-B288-34AE5838B93C}.Debug|Any CPU.Build.0 = Debug|Any CPU
		{2E65B4D2-8041-47E9-B288-34AE5838B93C}.Release|Any CPU.ActiveCfg = Release|Any CPU
		{2E65B4D2-8041-47E9-B288-34AE5838B93C}.Release|Any CPU.Build.0 = Release|Any CPU
		{BB28AC10-F00B-40C6-AE02-682B38508725}.Debug|Any CPU.ActiveCfg = Debug|Any CPU
		{BB28AC10-F00B-40C6-AE02-682B38508725}.Debug|Any CPU.Build.0 = Debug|Any CPU
		{BB28AC10-F00B-40C6-AE02-682B38508725}.Release|Any CPU.ActiveCfg = Release|Any CPU
		{BB28AC10-F00B-40C6-AE02-682B38508725}.Release|Any CPU.Build.0 = Release|Any CPU
	EndGlobalSection
	GlobalSection(SolutionProperties) = preSolution
		HideSolutionNode = FALSE
	EndGlobalSection
	GlobalSection(ExtensibilityGlobals) = postSolution
		SolutionGuid = {16C2AD31-A9BA-4FCA-A694-1CD311805E37}
	EndGlobalSection
EndGlobal
