
Microsoft Visual Studio Solution File, Format Version 12.00
# Visual Studio 15
VisualStudioVersion = 15.0.28307.421
MinimumVisualStudioVersion = 10.0.40219.1
Project("{9A19103F-16F7-4668-BE54-9A1E7A4F7556}") = "01HarvestingFields", "01HarvestingFields\01HarvestingFields.csproj", "{3A2A016C-C906-425A-A1EF-015F7800B0A3}"
EndProject
Project("{9A19103F-16F7-4668-BE54-9A1E7A4F7556}") = "02BlackBoxInteger", "02BlackBoxInteger\02BlackBoxInteger.csproj", "{6D7FE3D5-DA9D-426D-B262-C05BE983ACFF}"
EndProject
Project("{9A19103F-16F7-4668-BE54-9A1E7A4F7556}") = "03BarrackWars-ANewFactory", "03BarrackWars-ANewFactory\03BarrackWars-ANewFactory.csproj", "{0D8E0874-2145-4CB9-B189-1780D6D31711}"
EndProject
Project("{9A19103F-16F7-4668-BE54-9A1E7A4F7556}") = "06TrafficLights", "06TrafficLights\06TrafficLights.csproj", "{AD438BAA-6E68-4203-96D3-3417C832218C}"
EndProject
Project("{FAE04EC0-301F-11D3-BF4B-00C04F79EFBC}") = "0708InfernoInfinity", "07InfernoInfinity\0708InfernoInfinity.csproj", "{E13E42A0-64B3-43DF-A3C7-1B8AE4AD6601}"
EndProject
Global
	GlobalSection(SolutionConfigurationPlatforms) = preSolution
		Debug|Any CPU = Debug|Any CPU
		Release|Any CPU = Release|Any CPU
	EndGlobalSection
	GlobalSection(ProjectConfigurationPlatforms) = postSolution
		{3A2A016C-C906-425A-A1EF-015F7800B0A3}.Debug|Any CPU.ActiveCfg = Debug|Any CPU
		{3A2A016C-C906-425A-A1EF-015F7800B0A3}.Debug|Any CPU.Build.0 = Debug|Any CPU
		{3A2A016C-C906-425A-A1EF-015F7800B0A3}.Release|Any CPU.ActiveCfg = Release|Any CPU
		{3A2A016C-C906-425A-A1EF-015F7800B0A3}.Release|Any CPU.Build.0 = Release|Any CPU
		{6D7FE3D5-DA9D-426D-B262-C05BE983ACFF}.Debug|Any CPU.ActiveCfg = Debug|Any CPU
		{6D7FE3D5-DA9D-426D-B262-C05BE983ACFF}.Debug|Any CPU.Build.0 = Debug|Any CPU
		{6D7FE3D5-DA9D-426D-B262-C05BE983ACFF}.Release|Any CPU.ActiveCfg = Release|Any CPU
		{6D7FE3D5-DA9D-426D-B262-C05BE983ACFF}.Release|Any CPU.Build.0 = Release|Any CPU
		{0D8E0874-2145-4CB9-B189-1780D6D31711}.Debug|Any CPU.ActiveCfg = Debug|Any CPU
		{0D8E0874-2145-4CB9-B189-1780D6D31711}.Debug|Any CPU.Build.0 = Debug|Any CPU
		{0D8E0874-2145-4CB9-B189-1780D6D31711}.Release|Any CPU.ActiveCfg = Release|Any CPU
		{0D8E0874-2145-4CB9-B189-1780D6D31711}.Release|Any CPU.Build.0 = Release|Any CPU
		{AD438BAA-6E68-4203-96D3-3417C832218C}.Debug|Any CPU.ActiveCfg = Debug|Any CPU
		{AD438BAA-6E68-4203-96D3-3417C832218C}.Debug|Any CPU.Build.0 = Debug|Any CPU
		{AD438BAA-6E68-4203-96D3-3417C832218C}.Release|Any CPU.ActiveCfg = Release|Any CPU
		{AD438BAA-6E68-4203-96D3-3417C832218C}.Release|Any CPU.Build.0 = Release|Any CPU
		{E13E42A0-64B3-43DF-A3C7-1B8AE4AD6601}.Debug|Any CPU.ActiveCfg = Debug|Any CPU
		{E13E42A0-64B3-43DF-A3C7-1B8AE4AD6601}.Debug|Any CPU.Build.0 = Debug|Any CPU
		{E13E42A0-64B3-43DF-A3C7-1B8AE4AD6601}.Release|Any CPU.ActiveCfg = Release|Any CPU
		{E13E42A0-64B3-43DF-A3C7-1B8AE4AD6601}.Release|Any CPU.Build.0 = Release|Any CPU
	EndGlobalSection
	GlobalSection(SolutionProperties) = preSolution
		HideSolutionNode = FALSE
	EndGlobalSection
	GlobalSection(ExtensibilityGlobals) = postSolution
		SolutionGuid = {47A7F09B-6CFA-4164-9857-898E085CC753}
	EndGlobalSection
EndGlobal
